
Microsoft Visual Studio Solution File, Format Version 12.00
# Visual Studio Version 17
VisualStudioVersion = 17.14.36811.4
MinimumVisualStudioVersion = 10.0.40219.1
Project("{FAE04EC0-301F-11D3-BF4B-00C04F79EFBC}") = "AsyncInputOptimize", "AsyncInputOptimize\AsyncInputOptimize.csproj", "{9CCF1344-C706-4068-BA4D-EB688D532191}"
EndProject
Project("{8BC9CEB8-8B4A-11D0-8D11-00A0C91BC942}") = "AsyncInputOptimize_CppCore", "AsyncInputOptimize_CppCore\AsyncInputOptimize_CppCore.vcxproj", "{FC6B16D8-6EC8-4256-9D68-FD74C116C17E}"
EndProject
Project("{2150E333-8FDC-42A3-9474-1A3956D46DE8}") = "Solution Items", "Solution Items", "{02EA681E-C7D8-13C7-8484-4AC65E1B71E8}"
	ProjectSection(SolutionItems) = preProject
		.editorconfig = .editorconfig
	EndProjectSection
EndProject
Project("{FAE04EC0-301F-11D3-BF4B-00C04F79EFBC}") = "AsyncInput", "AsyncInput\AsyncInput.csproj", "{A51F639F-C23D-4B93-AE74-0A0AB7266B05}"
EndProject
Global
	GlobalSection(SolutionConfigurationPlatforms) = preSolution
		Alpha_2_9_8_R136|x64 = Alpha_2_9_8_R136|x64
		Alpha|x64 = Alpha|x64
		Beta|x64 = Beta|x64
		Release|x64 = Release|x64
	EndGlobalSection
	GlobalSection(ProjectConfigurationPlatforms) = postSolution
		{9CCF1344-C706-4068-BA4D-EB688D532191}.Alpha_2_9_8_R136|x64.ActiveCfg = R136_2_9_8|x64
		{9CCF1344-C706-4068-BA4D-EB688D532191}.Alpha_2_9_8_R136|x64.Build.0 = R136_2_9_8|x64
		{9CCF1344-C706-4068-BA4D-EB688D532191}.Alpha|x64.ActiveCfg = Alpha|x64
		{9CCF1344-C706-4068-BA4D-EB688D532191}.Alpha|x64.Build.0 = Alpha|x64
		{9CCF1344-C706-4068-BA4D-EB688D532191}.Beta|x64.ActiveCfg = Beta|x64
		{9CCF1344-C706-4068-BA4D-EB688D532191}.Beta|x64.Build.0 = Beta|x64
		{9CCF1344-C706-4068-BA4D-EB688D532191}.Release|x64.ActiveCfg = Release|x64
		{9CCF1344-C706-4068-BA4D-EB688D532191}.Release|x64.Build.0 = Release|x64
		{FC6B16D8-6EC8-4256-9D68-FD74C116C17E}.Alpha_2_9_8_R136|x64.ActiveCfg = Main|x64
		{FC6B16D8-6EC8-4256-9D68-FD74C116C17E}.Alpha_2_9_8_R136|x64.Build.0 = Main|x64
		{FC6B16D8-6EC8-4256-9D68-FD74C116C17E}.Alpha|x64.ActiveCfg = Alpha|x64
		{FC6B16D8-6EC8-4256-9D68-FD74C116C17E}.Alpha|x64.Build.0 = Alpha|x64
		{FC6B16D8-6EC8-4256-9D68-FD74C116C17E}.Beta|x64.ActiveCfg = Main|x64
		{FC6B16D8-6EC8-4256-9D68-FD74C116C17E}.Beta|x64.Build.0 = Main|x64
		{FC6B16D8-6EC8-4256-9D68-FD74C116C17E}.Release|x64.ActiveCfg = Main|x64
		{FC6B16D8-6EC8-4256-9D68-FD74C116C17E}.Release|x64.Build.0 = Main|x64
		{A51F639F-C23D-4B93-AE74-0A0AB7266B05}.Alpha_2_9_8_R136|x64.ActiveCfg = Alpha_2_9_8_R136|x64
		{A51F639F-C23D-4B93-AE74-0A0AB7266B05}.Alpha_2_9_8_R136|x64.Build.0 = Alpha_2_9_8_R136|x64
		{A51F639F-C23D-4B93-AE74-0A0AB7266B05}.Alpha|x64.ActiveCfg = Alpha|x64
		{A51F639F-C23D-4B93-AE74-0A0AB7266B05}.Alpha|x64.Build.0 = Alpha|x64
		{A51F639F-C23D-4B93-AE74-0A0AB7266B05}.Beta|x64.ActiveCfg = Beta|x64
		{A51F639F-C23D-4B93-AE74-0A0AB7266B05}.Beta|x64.Build.0 = Beta|x64
		{A51F639F-C23D-4B93-AE74-0A0AB7266B05}.Release|x64.ActiveCfg = Release|x64
		{A51F639F-C23D-4B93-AE74-0A0AB7266B05}.Release|x64.Build.0 = Release|x64
	EndGlobalSection
	GlobalSection(SolutionProperties) = preSolution
		HideSolutionNode = FALSE
	EndGlobalSection
	GlobalSection(ExtensibilityGlobals) = postSolution
		SolutionGuid = {9EE1D8DD-2B80-44FC-A784-4553EC0F636A}
	EndGlobalSection
EndGlobal
